
Microsoft Visual Studio Solution File, Format Version 12.00
# Visual Studio 15
VisualStudioVersion = 15.0.26730.16
MinimumVisualStudioVersion = 10.0.40219.1
Project("{2150E333-8FDC-42A3-9474-1A3956D46DE8}") = "Engine", "Engine", "{EE9001A4-C726-425F-A009-DE4F904A73D4}"
EndProject
Project("{2150E333-8FDC-42A3-9474-1A3956D46DE8}") = "Games", "Games", "{2A709F10-7FC5-4FD5-8B8B-A21AD53616B3}"
EndProject
Project("{8BC9CEB8-8B4A-11D0-8D11-00A0C91BC942}") = "UE4", "Intermediate\ProjectFiles\UE4.vcxproj", "{7AC87337-2517-4776-8F8C-BB4CC0CB03ED}"
EndProject
Project("{8BC9CEB8-8B4A-11D0-8D11-00A0C91BC942}") = "BuildingEscape", "Intermediate\ProjectFiles\BuildingEscape.vcxproj", "{B41051A0-66AF-4831-AD11-23DA8FC76F8A}"
EndProject
Global
	GlobalSection(SolutionConfigurationPlatforms) = preSolution
		DebugGame Editor|HTML5 = DebugGame Editor|HTML5
		DebugGame Editor|IOS = DebugGame Editor|IOS
		DebugGame Editor|Win32 = DebugGame Editor|Win32
		DebugGame Editor|Win64 = DebugGame Editor|Win64
		DebugGame|HTML5 = DebugGame|HTML5
		DebugGame|IOS = DebugGame|IOS
		DebugGame|Win32 = DebugGame|Win32
		DebugGame|Win64 = DebugGame|Win64
		Development Editor|HTML5 = Development Editor|HTML5
		Development Editor|IOS = Development Editor|IOS
		Development Editor|Win32 = Development Editor|Win32
		Development Editor|Win64 = Development Editor|Win64
		Development|HTML5 = Development|HTML5
		Development|IOS = Development|IOS
		Development|Win32 = Development|Win32
		Development|Win64 = Development|Win64
		Shipping|HTML5 = Shipping|HTML5
		Shipping|IOS = Shipping|IOS
		Shipping|Win32 = Shipping|Win32
		Shipping|Win64 = Shipping|Win64
	EndGlobalSection
	GlobalSection(ProjectConfigurationPlatforms) = postSolution
		{7AC87337-2517-4776-8F8C-BB4CC0CB03ED}.DebugGame Editor|HTML5.ActiveCfg = BuiltWithUnrealBuildTool|Win32
		{7AC87337-2517-4776-8F8C-BB4CC0CB03ED}.DebugGame Editor|HTML5.Build.0 = BuiltWithUnrealBuildTool|Win32
		{7AC87337-2517-4776-8F8C-BB4CC0CB03ED}.DebugGame Editor|IOS.ActiveCfg = BuiltWithUnrealBuildTool|Win32
		{7AC87337-2517-4776-8F8C-BB4CC0CB03ED}.DebugGame Editor|IOS.Build.0 = BuiltWithUnrealBuildTool|Win32
		{7AC87337-2517-4776-8F8C-BB4CC0CB03ED}.DebugGame Editor|Win32.ActiveCfg = BuiltWithUnrealBuildTool|Win32
		{7AC87337-2517-4776-8F8C-BB4CC0CB03ED}.DebugGame Editor|Win32.Build.0 = BuiltWithUnrealBuildTool|Win32
		{7AC87337-2517-4776-8F8C-BB4CC0CB03ED}.DebugGame Editor|Win64.ActiveCfg = BuiltWithUnrealBuildTool|Win32
		{7AC87337-2517-4776-8F8C-BB4CC0CB03ED}.DebugGame Editor|Win64.Build.0 = BuiltWithUnrealBuildTool|Win32
		{7AC87337-2517-4776-8F8C-BB4CC0CB03ED}.DebugGame|HTML5.ActiveCfg = BuiltWithUnrealBuildTool|Win32
		{7AC87337-2517-4776-8F8C-BB4CC0CB03ED}.DebugGame|HTML5.Build.0 = BuiltWithUnrealBuildTool|Win32
		{7AC87337-2517-4776-8F8C-BB4CC0CB03ED}.DebugGame|IOS.ActiveCfg = BuiltWithUnrealBuildTool|Win32
		{7AC87337-2517-4776-8F8C-BB4CC0CB03ED}.DebugGame|IOS.Build.0 = BuiltWithUnrealBuildTool|Win32
		{7AC87337-2517-4776-8F8C-BB4CC0CB03ED}.DebugGame|Win32.ActiveCfg = BuiltWithUnrealBuildTool|Win32
		{7AC87337-2517-4776-8F8C-BB4CC0CB03ED}.DebugGame|Win32.Build.0 = BuiltWithUnrealBuildTool|Win32
		{7AC87337-2517-4776-8F8C-BB4CC0CB03ED}.DebugGame|Win64.ActiveCfg = BuiltWithUnrealBuildTool|Win32
		{7AC87337-2517-4776-8F8C-BB4CC0CB03ED}.DebugGame|Win64.Build.0 = BuiltWithUnrealBuildTool|Win32
		{7AC87337-2517-4776-8F8C-BB4CC0CB03ED}.Development Editor|HTML5.ActiveCfg = BuiltWithUnrealBuildTool|Win32
		{7AC87337-2517-4776-8F8C-BB4CC0CB03ED}.Development Editor|HTML5.Build.0 = BuiltWithUnrealBuildTool|Win32
		{7AC87337-2517-4776-8F8C-BB4CC0CB03ED}.Development Editor|IOS.ActiveCfg = BuiltWithUnrealBuildTool|Win32
		{7AC87337-2517-4776-8F8C-BB4CC0CB03ED}.Development Editor|IOS.Build.0 = BuiltWithUnrealBuildTool|Win32
		{7AC87337-2517-4776-8F8C-BB4CC0CB03ED}.Development Editor|Win32.ActiveCfg = BuiltWithUnrealBuildTool|Win32
		{7AC87337-2517-4776-8F8C-BB4CC0CB03ED}.Development Editor|Win32.Build.0 = BuiltWithUnrealBuildTool|Win32
		{7AC87337-2517-4776-8F8C-BB4CC0CB03ED}.Development Editor|Win64.ActiveCfg = BuiltWithUnrealBuildTool|Win32
		{7AC87337-2517-4776-8F8C-BB4CC0CB03ED}.Development Editor|Win64.Build.0 = BuiltWithUnrealBuildTool|Win32
		{7AC87337-2517-4776-8F8C-BB4CC0CB03ED}.Development|HTML5.ActiveCfg = BuiltWithUnrealBuildTool|Win32
		{7AC87337-2517-4776-8F8C-BB4CC0CB03ED}.Development|HTML5.Build.0 = BuiltWithUnrealBuildTool|Win32
		{7AC87337-2517-4776-8F8C-BB4CC0CB03ED}.Development|IOS.ActiveCfg = BuiltWithUnrealBuildTool|Win32
		{7AC87337-2517-4776-8F8C-BB4CC0CB03ED}.Development|IOS.Build.0 = BuiltWithUnrealBuildTool|Win32
		{7AC87337-2517-4776-8F8C-BB4CC0CB03ED}.Development|Win32.ActiveCfg = BuiltWithUnrealBuildTool|Win32
		{7AC87337-2517-4776-8F8C-BB4CC0CB03ED}.Development|Win32.Build.0 = BuiltWithUnrealBuildTool|Win32
		{7AC87337-2517-4776-8F8C-BB4CC0CB03ED}.Development|Win64.ActiveCfg = BuiltWithUnrealBuildTool|Win32
		{7AC87337-2517-4776-8F8C-BB4CC0CB03ED}.Development|Win64.Build.0 = BuiltWithUnrealBuildTool|Win32
		{7AC87337-2517-4776-8F8C-BB4CC0CB03ED}.Shipping|HTML5.ActiveCfg = BuiltWithUnrealBuildTool|Win32
		{7AC87337-2517-4776-8F8C-BB4CC0CB03ED}.Shipping|HTML5.Build.0 = BuiltWithUnrealBuildTool|Win32
		{7AC87337-2517-4776-8F8C-BB4CC0CB03ED}.Shipping|IOS.ActiveCfg = BuiltWithUnrealBuildTool|Win32
		{7AC87337-2517-4776-8F8C-BB4CC0CB03ED}.Shipping|IOS.Build.0 = BuiltWithUnrealBuildTool|Win32
		{7AC87337-2517-4776-8F8C-BB4CC0CB03ED}.Shipping|Win32.ActiveCfg = BuiltWithUnrealBuildTool|Win32
		{7AC87337-2517-4776-8F8C-BB4CC0CB03ED}.Shipping|Win32.Build.0 = BuiltWithUnrealBuildTool|Win32
		{7AC87337-2517-4776-8F8C-BB4CC0CB03ED}.Shipping|Win64.ActiveCfg = BuiltWithUnrealBuildTool|Win32
		{7AC87337-2517-4776-8F8C-BB4CC0CB03ED}.Shipping|Win64.Build.0 = BuiltWithUnrealBuildTool|Win32
		{B41051A0-66AF-4831-AD11-23DA8FC76F8A}.DebugGame Editor|HTML5.ActiveCfg = HTML5_DebugGame_Editor|Win32
		{B41051A0-66AF-4831-AD11-23DA8FC76F8A}.DebugGame Editor|IOS.ActiveCfg = IOS_DebugGame_Editor|Win32
		{B41051A0-66AF-4831-AD11-23DA8FC76F8A}.DebugGame Editor|Win32.ActiveCfg = DebugGame_Editor|Win32
		{B41051A0-66AF-4831-AD11-23DA8FC76F8A}.DebugGame Editor|Win64.ActiveCfg = DebugGame_Editor|x64
		{B41051A0-66AF-4831-AD11-23DA8FC76F8A}.DebugGame Editor|Win64.Build.0 = DebugGame_Editor|x64
		{B41051A0-66AF-4831-AD11-23DA8FC76F8A}.DebugGame|HTML5.ActiveCfg = HTML5_DebugGame_Game|Win32
		{B41051A0-66AF-4831-AD11-23DA8FC76F8A}.DebugGame|HTML5.Build.0 = HTML5_DebugGame_Game|Win32
		{B41051A0-66AF-4831-AD11-23DA8FC76F8A}.DebugGame|IOS.ActiveCfg = IOS_DebugGame_Game|Win32
		{B41051A0-66AF-4831-AD11-23DA8FC76F8A}.DebugGame|IOS.Build.0 = IOS_DebugGame_Game|Win32
		{B41051A0-66AF-4831-AD11-23DA8FC76F8A}.DebugGame|Win32.ActiveCfg = DebugGame_Game|Win32
		{B41051A0-66AF-4831-AD11-23DA8FC76F8A}.DebugGame|Win32.Build.0 = DebugGame_Game|Win32
		{B41051A0-66AF-4831-AD11-23DA8FC76F8A}.DebugGame|Win64.ActiveCfg = DebugGame_Game|x64
		{B41051A0-66AF-4831-AD11-23DA8FC76F8A}.DebugGame|Win64.Build.0 = DebugGame_Game|x64
		{B41051A0-66AF-4831-AD11-23DA8FC76F8A}.Development Editor|HTML5.ActiveCfg = HTML5_Development_Editor|Win32
		{B41051A0-66AF-4831-AD11-23DA8FC76F8A}.Development Editor|IOS.ActiveCfg = IOS_Development_Editor|Win32
		{B41051A0-66AF-4831-AD11-23DA8FC76F8A}.Development Editor|Win32.ActiveCfg = Development_Editor|Win32
		{B41051A0-66AF-4831-AD11-23DA8FC76F8A}.Development Editor|Win64.ActiveCfg = Development_Editor|x64
		{B41051A0-66AF-4831-AD11-23DA8FC76F8A}.Development Editor|Win64.Build.0 = Development_Editor|x64
		{B41051A0-66AF-4831-AD11-23DA8FC76F8A}.Development|HTML5.ActiveCfg = HTML5_Development_Game|Win32
		{B41051A0-66AF-4831-AD11-23DA8FC76F8A}.Development|HTML5.Build.0 = HTML5_Development_Game|Win32
		{B41051A0-66AF-4831-AD11-23DA8FC76F8A}.Development|IOS.ActiveCfg = IOS_Development_Game|Win32
		{B41051A0-66AF-4831-AD11-23DA8FC76F8A}.Development|IOS.Build.0 = IOS_Development_Game|Win32
		{B41051A0-66AF-4831-AD11-23DA8FC76F8A}.Development|Win32.ActiveCfg = Development_Game|Win32
		{B41051A0-66AF-4831-AD11-23DA8FC76F8A}.Development|Win32.Build.0 = Development_Game|Win32
		{B41051A0-66AF-4831-AD11-23DA8FC76F8A}.Development|Win64.ActiveCfg = Development_Game|x64
		{B41051A0-66AF-4831-AD11-23DA8FC76F8A}.Development|Win64.Build.0 = Development_Game|x64
		{B41051A0-66AF-4831-AD11-23DA8FC76F8A}.Shipping|HTML5.ActiveCfg = HTML5_Shipping_Game|Win32
		{B41051A0-66AF-4831-AD11-23DA8FC76F8A}.Shipping|HTML5.Build.0 = HTML5_Shipping_Game|Win32
		{B41051A0-66AF-4831-AD11-23DA8FC76F8A}.Shipping|IOS.ActiveCfg = IOS_Shipping_Game|Win32
		{B41051A0-66AF-4831-AD11-23DA8FC76F8A}.Shipping|IOS.Build.0 = IOS_Shipping_Game|Win32
		{B41051A0-66AF-4831-AD11-23DA8FC76F8A}.Shipping|Win32.ActiveCfg = Shipping_Game|Win32
		{B41051A0-66AF-4831-AD11-23DA8FC76F8A}.Shipping|Win32.Build.0 = Shipping_Game|Win32
		{B41051A0-66AF-4831-AD11-23DA8FC76F8A}.Shipping|Win64.ActiveCfg = Shipping_Game|x64
		{B41051A0-66AF-4831-AD11-23DA8FC76F8A}.Shipping|Win64.Build.0 = Shipping_Game|x64
	EndGlobalSection
	GlobalSection(SolutionProperties) = preSolution
		HideSolutionNode = FALSE
	EndGlobalSection
	GlobalSection(NestedProjects) = preSolution
		{7AC87337-2517-4776-8F8C-BB4CC0CB03ED} = {EE9001A4-C726-425F-A009-DE4F904A73D4}
		{B41051A0-66AF-4831-AD11-23DA8FC76F8A} = {2A709F10-7FC5-4FD5-8B8B-A21AD53616B3}
	EndGlobalSection
	GlobalSection(ExtensibilityGlobals) = postSolution
		SolutionGuid = {FFEE7F32-E937-4B3F-9CF5-BCFDDAC91B67}
	EndGlobalSection
EndGlobal
